
Microsoft Visual Studio Solution File, Format Version 12.00
# Visual Studio Version 17
VisualStudioVersion = 17.9.34407.89
MinimumVisualStudioVersion = 10.0.40219.1
Project("{8BC9CEB8-8B4A-11D0-8D11-00A0C91BC942}") = "test", "test\test.vcxproj", "{B172B42B-E07E-45D5-9F21-9A151D2C56AC}"
EndProject
Project("{8BC9CEB8-8B4A-11D0-8D11-00A0C91BC942}") = "genetic_algorithm", "genetic_algorithm\genetic_algorithm.vcxproj", "{5101ED51-8504-46F0-A77E-7460C98DD07C}"
EndProject
Project("{8BC9CEB8-8B4A-11D0-8D11-00A0C91BC942}") = "JSON", "ext\json\JSON.vcxproj", "{856BCDD5-4F97-4FBD-9BCF-F247A26F00CE}"
EndProject
Project("{8BC9CEB8-8B4A-11D0-8D11-00A0C91BC942}") = "artificial_neural_network", "ext\artificial_neural_network\artificial_neural_network\artificial_neural_network.vcxproj", "{AC78B591-D274-4CB7-A92B-1A397026B34D}"
EndProject
Global
	GlobalSection(SolutionConfigurationPlatforms) = preSolution
		Debug|Any CPU = Debug|Any CPU
		Debug|x64 = Debug|x64
		Debug|x86 = Debug|x86
		Release|Any CPU = Release|Any CPU
		Release|x64 = Release|x64
		Release|x86 = Release|x86
	EndGlobalSection
	GlobalSection(ProjectConfigurationPlatforms) = postSolution
		{B172B42B-E07E-45D5-9F21-9A151D2C56AC}.Debug|Any CPU.ActiveCfg = Debug|x64
		{B172B42B-E07E-45D5-9F21-9A151D2C56AC}.Debug|Any CPU.Build.0 = Debug|x64
		{B172B42B-E07E-45D5-9F21-9A151D2C56AC}.Debug|x64.ActiveCfg = Debug|x64
		{B172B42B-E07E-45D5-9F21-9A151D2C56AC}.Debug|x64.Build.0 = Debug|x64
		{B172B42B-E07E-45D5-9F21-9A151D2C56AC}.Debug|x86.ActiveCfg = Debug|Win32
		{B172B42B-E07E-45D5-9F21-9A151D2C56AC}.Debug|x86.Build.0 = Debug|Win32
		{B172B42B-E07E-45D5-9F21-9A151D2C56AC}.Release|Any CPU.ActiveCfg = Release|x64
		{B172B42B-E07E-45D5-9F21-9A151D2C56AC}.Release|Any CPU.Build.0 = Release|x64
		{B172B42B-E07E-45D5-9F21-9A151D2C56AC}.Release|x64.ActiveCfg = Release|x64
		{B172B42B-E07E-45D5-9F21-9A151D2C56AC}.Release|x64.Build.0 = Release|x64
		{B172B42B-E07E-45D5-9F21-9A151D2C56AC}.Release|x86.ActiveCfg = Release|Win32
		{B172B42B-E07E-45D5-9F21-9A151D2C56AC}.Release|x86.Build.0 = Release|Win32
		{5101ED51-8504-46F0-A77E-7460C98DD07C}.Debug|Any CPU.ActiveCfg = Debug|x64
		{5101ED51-8504-46F0-A77E-7460C98DD07C}.Debug|Any CPU.Build.0 = Debug|x64
		{5101ED51-8504-46F0-A77E-7460C98DD07C}.Debug|x64.ActiveCfg = Debug|x64
		{5101ED51-8504-46F0-A77E-7460C98DD07C}.Debug|x64.Build.0 = Debug|x64
		{5101ED51-8504-46F0-A77E-7460C98DD07C}.Debug|x86.ActiveCfg = Debug|Win32
		{5101ED51-8504-46F0-A77E-7460C98DD07C}.Debug|x86.Build.0 = Debug|Win32
		{5101ED51-8504-46F0-A77E-7460C98DD07C}.Release|Any CPU.ActiveCfg = Release|x64
		{5101ED51-8504-46F0-A77E-7460C98DD07C}.Release|Any CPU.Build.0 = Release|x64
		{5101ED51-8504-46F0-A77E-7460C98DD07C}.Release|x64.ActiveCfg = Release|x64
		{5101ED51-8504-46F0-A77E-7460C98DD07C}.Release|x64.Build.0 = Release|x64
		{5101ED51-8504-46F0-A77E-7460C98DD07C}.Release|x86.ActiveCfg = Release|Win32
		{5101ED51-8504-46F0-A77E-7460C98DD07C}.Release|x86.Build.0 = Release|Win32
		{856BCDD5-4F97-4FBD-9BCF-F247A26F00CE}.Debug|Any CPU.ActiveCfg = Debug|x64
		{856BCDD5-4F97-4FBD-9BCF-F247A26F00CE}.Debug|Any CPU.Build.0 = Debug|x64
		{856BCDD5-4F97-4FBD-9BCF-F247A26F00CE}.Debug|x64.ActiveCfg = Debug|x64
		{856BCDD5-4F97-4FBD-9BCF-F247A26F00CE}.Debug|x64.Build.0 = Debug|x64
		{856BCDD5-4F97-4FBD-9BCF-F247A26F00CE}.Debug|x86.ActiveCfg = Debug|Win32
		{856BCDD5-4F97-4FBD-9BCF-F247A26F00CE}.Debug|x86.Build.0 = Debug|Win32
		{856BCDD5-4F97-4FBD-9BCF-F247A26F00CE}.Release|Any CPU.ActiveCfg = Release|x64
		{856BCDD5-4F97-4FBD-9BCF-F247A26F00CE}.Release|Any CPU.Build.0 = Release|x64
		{856BCDD5-4F97-4FBD-9BCF-F247A26F00CE}.Release|x64.ActiveCfg = Release|x64
		{856BCDD5-4F97-4FBD-9BCF-F247A26F00CE}.Release|x64.Build.0 = Release|x64
		{856BCDD5-4F97-4FBD-9BCF-F247A26F00CE}.Release|x86.ActiveCfg = Release|Win32
		{856BCDD5-4F97-4FBD-9BCF-F247A26F00CE}.Release|x86.Build.0 = Release|Win32
		{AC78B591-D274-4CB7-A92B-1A397026B34D}.Debug|Any CPU.ActiveCfg = Debug|x64
		{AC78B591-D274-4CB7-A92B-1A397026B34D}.Debug|Any CPU.Build.0 = Debug|x64
		{AC78B591-D274-4CB7-A92B-1A397026B34D}.Debug|x64.ActiveCfg = Debug|x64
		{AC78B591-D274-4CB7-A92B-1A397026B34D}.Debug|x64.Build.0 = Debug|x64
		{AC78B591-D274-4CB7-A92B-1A397026B34D}.Debug|x86.ActiveCfg = Debug|Win32
		{AC78B591-D274-4CB7-A92B-1A397026B34D}.Debug|x86.Build.0 = Debug|Win32
		{AC78B591-D274-4CB7-A92B-1A397026B34D}.Release|Any CPU.ActiveCfg = Release|x64
		{AC78B591-D274-4CB7-A92B-1A397026B34D}.Release|Any CPU.Build.0 = Release|x64
		{AC78B591-D274-4CB7-A92B-1A397026B34D}.Release|x64.ActiveCfg = Release|x64
		{AC78B591-D274-4CB7-A92B-1A397026B34D}.Release|x64.Build.0 = Release|x64
		{AC78B591-D274-4CB7-A92B-1A397026B34D}.Release|x86.ActiveCfg = Release|Win32
		{AC78B591-D274-4CB7-A92B-1A397026B34D}.Release|x86.Build.0 = Release|Win32
	EndGlobalSection
	GlobalSection(SolutionProperties) = preSolution
		HideSolutionNode = FALSE
	EndGlobalSection
	GlobalSection(ExtensibilityGlobals) = postSolution
		SolutionGuid = {FD199B25-2F8C-44F3-9C3B-737E1D9176DB}
	EndGlobalSection
EndGlobal
